// !$*UTF8*$!
{
	archiveVersion = 1;
	classes = {
	};
	objectVersion = 46;
	objects = {

/* Begin PBXBuildFile section */
		01F7EC7A1CA09D4C00A0A9FC /* CameraManager.cpp in Sources */ = {isa = PBXBuildFile; fileRef = 01F7EC781CA09D4C00A0A9FC /* CameraManager.cpp */; };
		01F7EC9E1CA0A07100A0A9FC /* libdc1394.a in Frameworks */ = {isa = PBXBuildFile; fileRef = 01F7EC961CA0A07100A0A9FC /* libdc1394.a */; };
		01F7EC9F1CA0A07100A0A9FC /* libusb-1.0.a in Frameworks */ = {isa = PBXBuildFile; fileRef = 01F7EC9D1CA0A07100A0A9FC /* libusb-1.0.a */; };
		01F7ECA81CA0A07600A0A9FC /* Camera.cpp in Sources */ = {isa = PBXBuildFile; fileRef = 01F7ECA11CA0A07600A0A9FC /* Camera.cpp */; };
		01F7ECA91CA0A07600A0A9FC /* Grabber.cpp in Sources */ = {isa = PBXBuildFile; fileRef = 01F7ECA31CA0A07600A0A9FC /* Grabber.cpp */; };
		01F7ECAA1CA0A07600A0A9FC /* PointGrey.cpp in Sources */ = {isa = PBXBuildFile; fileRef = 01F7ECA61CA0A07600A0A9FC /* PointGrey.cpp */; };
		01F7ECBD1CA0A0CA00A0A9FC /* Client.cpp in Sources */ = {isa = PBXBuildFile; fileRef = 01F7ECB61CA0A0CA00A0A9FC /* Client.cpp */; };
		01F7ECBE1CA0A0CA00A0A9FC /* Connection.cpp in Sources */ = {isa = PBXBuildFile; fileRef = 01F7ECB71CA0A0CA00A0A9FC /* Connection.cpp */; };
		01F7ECBF1CA0A0CA00A0A9FC /* Events.cpp in Sources */ = {isa = PBXBuildFile; fileRef = 01F7ECB81CA0A0CA00A0A9FC /* Events.cpp */; };
		01F7ECC01CA0A0CA00A0A9FC /* Protocol.cpp in Sources */ = {isa = PBXBuildFile; fileRef = 01F7ECB91CA0A0CA00A0A9FC /* Protocol.cpp */; };
		01F7ECC11CA0A0CA00A0A9FC /* Reactor.cpp in Sources */ = {isa = PBXBuildFile; fileRef = 01F7ECBA1CA0A0CA00A0A9FC /* Reactor.cpp */; };
		01F7ECC21CA0A0CA00A0A9FC /* Server.cpp in Sources */ = {isa = PBXBuildFile; fileRef = 01F7ECBB1CA0A0CA00A0A9FC /* Server.cpp */; };
		01F7ECC31CA0A0CA00A0A9FC /* Util.cpp in Sources */ = {isa = PBXBuildFile; fileRef = 01F7ECBC1CA0A0CA00A0A9FC /* Util.cpp */; };
		01F7ECCC1CA0A0EA00A0A9FC /* libwebsockets.a in Frameworks */ = {isa = PBXBuildFile; fileRef = 01F7ECCB1CA0A0EA00A0A9FC /* libwebsockets.a */; };
		01F7ECD01CA0A0F300A0A9FC /* ofxTurboJpeg.cpp in Sources */ = {isa = PBXBuildFile; fileRef = 01F7ECCE1CA0A0F300A0A9FC /* ofxTurboJpeg.cpp */; };
		01F7ECD61CA0A10A00A0A9FC /* libturbojpeg.dylib in Frameworks */ = {isa = PBXBuildFile; fileRef = 01F7ECD51CA0A10A00A0A9FC /* libturbojpeg.dylib */; };
		01F7ECD81CA0A12000A0A9FC /* libturbojpeg.dylib in CopyFiles */ = {isa = PBXBuildFile; fileRef = 01F7ECD51CA0A10A00A0A9FC /* libturbojpeg.dylib */; settings = {ATTRIBUTES = (CodeSignOnCopy, ); }; };
		01F7ECDB1CA0A18C00A0A9FC /* ImageStreamer.cpp in Sources */ = {isa = PBXBuildFile; fileRef = 01F7ECD91CA0A18C00A0A9FC /* ImageStreamer.cpp */; };
		1CD33E884D9E3358252E82A1 /* ofxToggle.cpp in Sources */ = {isa = PBXBuildFile; fileRef = 907C5B5E104864A2D3A25745 /* ofxToggle.cpp */; };
		483908258D00B98B4BE69F07 /* ofxLabel.cpp in Sources */ = {isa = PBXBuildFile; fileRef = 78D67A00EB899FAC09430597 /* ofxLabel.cpp */; };
		5CBB2AB3A60F65431D7B555D /* ofxButton.cpp in Sources */ = {isa = PBXBuildFile; fileRef = C88333E71C9457E441C33474 /* ofxButton.cpp */; };
		77BDB6A21B60A01BFF0FFC75 /* BlackFlyCamera.cpp in Sources */ = {isa = PBXBuildFile; fileRef = 453F0401E5095CDE6796CDB3 /* BlackFlyCamera.cpp */; };
		837220E80EB56CD44AD27F2A /* ofxSlider.cpp in Sources */ = {isa = PBXBuildFile; fileRef = 15F2C6477A769C03A56D1401 /* ofxSlider.cpp */; };
		856AA354D08AB4B323081444 /* ofxBaseGui.cpp in Sources */ = {isa = PBXBuildFile; fileRef = 9604B925D32EE39065747725 /* ofxBaseGui.cpp */; };
		B266578FC55D23BFEBC042E7 /* ofxGuiGroup.cpp in Sources */ = {isa = PBXBuildFile; fileRef = ECF8674C7975F1063C5E30CA /* ofxGuiGroup.cpp */; };
		B56FE57CC35806596D38118C /* ofxSliderGroup.cpp in Sources */ = {isa = PBXBuildFile; fileRef = 802251BAF1B35B1D67B32FD0 /* ofxSliderGroup.cpp */; };
		E4328149138ABC9F0047C5CB /* openFrameworksDebug.a in Frameworks */ = {isa = PBXBuildFile; fileRef = E4328148138ABC890047C5CB /* openFrameworksDebug.a */; };
		E4B69E200A3A1BDC003C02F2 /* main.cpp in Sources */ = {isa = PBXBuildFile; fileRef = E4B69E1D0A3A1BDC003C02F2 /* main.cpp */; };
		E4B69E210A3A1BDC003C02F2 /* ofApp.cpp in Sources */ = {isa = PBXBuildFile; fileRef = E4B69E1E0A3A1BDC003C02F2 /* ofApp.cpp */; };
		F285EB3169F1566CA3D93C20 /* ofxPanel.cpp in Sources */ = {isa = PBXBuildFile; fileRef = E112B3AEBEA2C091BF2B40AE /* ofxPanel.cpp */; };
/* End PBXBuildFile section */

/* Begin PBXContainerItemProxy section */
		E4328147138ABC890047C5CB /* PBXContainerItemProxy */ = {
			isa = PBXContainerItemProxy;
			containerPortal = E4328143138ABC890047C5CB /* openFrameworksLib.xcodeproj */;
			proxyType = 2;
			remoteGlobalIDString = E4B27C1510CBEB8E00536013;
			remoteInfo = openFrameworks;
		};
		E4EEB9AB138B136A00A80321 /* PBXContainerItemProxy */ = {
			isa = PBXContainerItemProxy;
			containerPortal = E4328143138ABC890047C5CB /* openFrameworksLib.xcodeproj */;
			proxyType = 1;
			remoteGlobalIDString = E4B27C1410CBEB8E00536013;
			remoteInfo = openFrameworks;
		};
/* End PBXContainerItemProxy section */

/* Begin PBXCopyFilesBuildPhase section */
		01F7ECD71CA0A11800A0A9FC /* CopyFiles */ = {
			isa = PBXCopyFilesBuildPhase;
			buildActionMask = 2147483647;
			dstPath = "";
			dstSubfolderSpec = 7;
			files = (
			);
			runOnlyForDeploymentPostprocessing = 0;
		};
		E4C2427710CC5ABF004149E2 /* CopyFiles */ = {
			isa = PBXCopyFilesBuildPhase;
			buildActionMask = 2147483647;
			dstPath = "";
			dstSubfolderSpec = 10;
			files = (
				01F7ECD81CA0A12000A0A9FC /* libturbojpeg.dylib in CopyFiles */,
			);
			runOnlyForDeploymentPostprocessing = 0;
		};
/* End PBXCopyFilesBuildPhase section */

/* Begin PBXFileReference section */
		01F7EC781CA09D4C00A0A9FC /* CameraManager.cpp */ = {isa = PBXFileReference; fileEncoding = 4; lastKnownFileType = sourcecode.cpp.cpp; path = CameraManager.cpp; sourceTree = "<group>"; };
		01F7EC791CA09D4C00A0A9FC /* CameraManager.h */ = {isa = PBXFileReference; fileEncoding = 4; lastKnownFileType = sourcecode.c.h; path = CameraManager.h; sourceTree = "<group>"; };
		01F7EC821CA0A07100A0A9FC /* camera.h */ = {isa = PBXFileReference; fileEncoding = 4; lastKnownFileType = sourcecode.c.h; path = camera.h; sourceTree = "<group>"; };
		01F7EC831CA0A07100A0A9FC /* capture.h */ = {isa = PBXFileReference; fileEncoding = 4; lastKnownFileType = sourcecode.c.h; path = capture.h; sourceTree = "<group>"; };
		01F7EC841CA0A07100A0A9FC /* control.h */ = {isa = PBXFileReference; fileEncoding = 4; lastKnownFileType = sourcecode.c.h; path = control.h; sourceTree = "<group>"; };
		01F7EC851CA0A07100A0A9FC /* conversions.h */ = {isa = PBXFileReference; fileEncoding = 4; lastKnownFileType = sourcecode.c.h; path = conversions.h; sourceTree = "<group>"; };
		01F7EC861CA0A07100A0A9FC /* dc1394.h */ = {isa = PBXFileReference; fileEncoding = 4; lastKnownFileType = sourcecode.c.h; path = dc1394.h; sourceTree = "<group>"; };
		01F7EC871CA0A07100A0A9FC /* format7.h */ = {isa = PBXFileReference; fileEncoding = 4; lastKnownFileType = sourcecode.c.h; path = format7.h; sourceTree = "<group>"; };
		01F7EC881CA0A07100A0A9FC /* iso.h */ = {isa = PBXFileReference; fileEncoding = 4; lastKnownFileType = sourcecode.c.h; path = iso.h; sourceTree = "<group>"; };
		01F7EC891CA0A07100A0A9FC /* log.h */ = {isa = PBXFileReference; fileEncoding = 4; lastKnownFileType = sourcecode.c.h; path = log.h; sourceTree = "<group>"; };
		01F7EC8A1CA0A07100A0A9FC /* macosx.h */ = {isa = PBXFileReference; fileEncoding = 4; lastKnownFileType = sourcecode.c.h; path = macosx.h; sourceTree = "<group>"; };
		01F7EC8B1CA0A07100A0A9FC /* register.h */ = {isa = PBXFileReference; fileEncoding = 4; lastKnownFileType = sourcecode.c.h; path = register.h; sourceTree = "<group>"; };
		01F7EC8C1CA0A07100A0A9FC /* types.h */ = {isa = PBXFileReference; fileEncoding = 4; lastKnownFileType = sourcecode.c.h; path = types.h; sourceTree = "<group>"; };
		01F7EC8D1CA0A07100A0A9FC /* utils.h */ = {isa = PBXFileReference; fileEncoding = 4; lastKnownFileType = sourcecode.c.h; path = utils.h; sourceTree = "<group>"; };
		01F7EC8F1CA0A07100A0A9FC /* avt.h */ = {isa = PBXFileReference; fileEncoding = 4; lastKnownFileType = sourcecode.c.h; path = avt.h; sourceTree = "<group>"; };
		01F7EC901CA0A07100A0A9FC /* basler.h */ = {isa = PBXFileReference; fileEncoding = 4; lastKnownFileType = sourcecode.c.h; path = basler.h; sourceTree = "<group>"; };
		01F7EC911CA0A07100A0A9FC /* basler_sff.h */ = {isa = PBXFileReference; fileEncoding = 4; lastKnownFileType = sourcecode.c.h; path = basler_sff.h; sourceTree = "<group>"; };
		01F7EC921CA0A07100A0A9FC /* pixelink.h */ = {isa = PBXFileReference; fileEncoding = 4; lastKnownFileType = sourcecode.c.h; path = pixelink.h; sourceTree = "<group>"; };
		01F7EC931CA0A07100A0A9FC /* video.h */ = {isa = PBXFileReference; fileEncoding = 4; lastKnownFileType = sourcecode.c.h; path = video.h; sourceTree = "<group>"; };
		01F7EC961CA0A07100A0A9FC /* libdc1394.a */ = {isa = PBXFileReference; lastKnownFileType = archive.ar; path = libdc1394.a; sourceTree = "<group>"; };
		01F7EC9A1CA0A07100A0A9FC /* libusb.h */ = {isa = PBXFileReference; fileEncoding = 4; lastKnownFileType = sourcecode.c.h; path = libusb.h; sourceTree = "<group>"; };
		01F7EC9D1CA0A07100A0A9FC /* libusb-1.0.a */ = {isa = PBXFileReference; lastKnownFileType = archive.ar; path = "libusb-1.0.a"; sourceTree = "<group>"; };
		01F7ECA11CA0A07600A0A9FC /* Camera.cpp */ = {isa = PBXFileReference; fileEncoding = 4; lastKnownFileType = sourcecode.cpp.cpp; path = Camera.cpp; sourceTree = "<group>"; };
		01F7ECA21CA0A07600A0A9FC /* Camera.h */ = {isa = PBXFileReference; fileEncoding = 4; lastKnownFileType = sourcecode.c.h; path = Camera.h; sourceTree = "<group>"; };
		01F7ECA31CA0A07600A0A9FC /* Grabber.cpp */ = {isa = PBXFileReference; fileEncoding = 4; lastKnownFileType = sourcecode.cpp.cpp; path = Grabber.cpp; sourceTree = "<group>"; };
		01F7ECA41CA0A07600A0A9FC /* Grabber.h */ = {isa = PBXFileReference; fileEncoding = 4; lastKnownFileType = sourcecode.c.h; path = Grabber.h; sourceTree = "<group>"; };
		01F7ECA51CA0A07600A0A9FC /* ofxLibdc.h */ = {isa = PBXFileReference; fileEncoding = 4; lastKnownFileType = sourcecode.c.h; path = ofxLibdc.h; sourceTree = "<group>"; };
		01F7ECA61CA0A07600A0A9FC /* PointGrey.cpp */ = {isa = PBXFileReference; fileEncoding = 4; lastKnownFileType = sourcecode.cpp.cpp; path = PointGrey.cpp; sourceTree = "<group>"; };
		01F7ECA71CA0A07600A0A9FC /* PointGrey.h */ = {isa = PBXFileReference; fileEncoding = 4; lastKnownFileType = sourcecode.c.h; path = PointGrey.h; sourceTree = "<group>"; };
		01F7ECAE1CA0A0CA00A0A9FC /* Client.h */ = {isa = PBXFileReference; fileEncoding = 4; lastKnownFileType = sourcecode.c.h; path = Client.h; sourceTree = "<group>"; };
		01F7ECAF1CA0A0CA00A0A9FC /* Connection.h */ = {isa = PBXFileReference; fileEncoding = 4; lastKnownFileType = sourcecode.c.h; path = Connection.h; sourceTree = "<group>"; };
		01F7ECB01CA0A0CA00A0A9FC /* Events.h */ = {isa = PBXFileReference; fileEncoding = 4; lastKnownFileType = sourcecode.c.h; path = Events.h; sourceTree = "<group>"; };
		01F7ECB11CA0A0CA00A0A9FC /* Protocol.h */ = {isa = PBXFileReference; fileEncoding = 4; lastKnownFileType = sourcecode.c.h; path = Protocol.h; sourceTree = "<group>"; };
		01F7ECB21CA0A0CA00A0A9FC /* Reactor.h */ = {isa = PBXFileReference; fileEncoding = 4; lastKnownFileType = sourcecode.c.h; path = Reactor.h; sourceTree = "<group>"; };
		01F7ECB31CA0A0CA00A0A9FC /* Server.h */ = {isa = PBXFileReference; fileEncoding = 4; lastKnownFileType = sourcecode.c.h; path = Server.h; sourceTree = "<group>"; };
		01F7ECB41CA0A0CA00A0A9FC /* Util.h */ = {isa = PBXFileReference; fileEncoding = 4; lastKnownFileType = sourcecode.c.h; path = Util.h; sourceTree = "<group>"; };
		01F7ECB61CA0A0CA00A0A9FC /* Client.cpp */ = {isa = PBXFileReference; fileEncoding = 4; lastKnownFileType = sourcecode.cpp.cpp; path = Client.cpp; sourceTree = "<group>"; };
		01F7ECB71CA0A0CA00A0A9FC /* Connection.cpp */ = {isa = PBXFileReference; fileEncoding = 4; lastKnownFileType = sourcecode.cpp.cpp; path = Connection.cpp; sourceTree = "<group>"; };
		01F7ECB81CA0A0CA00A0A9FC /* Events.cpp */ = {isa = PBXFileReference; fileEncoding = 4; lastKnownFileType = sourcecode.cpp.cpp; path = Events.cpp; sourceTree = "<group>"; };
		01F7ECB91CA0A0CA00A0A9FC /* Protocol.cpp */ = {isa = PBXFileReference; fileEncoding = 4; lastKnownFileType = sourcecode.cpp.cpp; path = Protocol.cpp; sourceTree = "<group>"; };
		01F7ECBA1CA0A0CA00A0A9FC /* Reactor.cpp */ = {isa = PBXFileReference; fileEncoding = 4; lastKnownFileType = sourcecode.cpp.cpp; path = Reactor.cpp; sourceTree = "<group>"; };
		01F7ECBB1CA0A0CA00A0A9FC /* Server.cpp */ = {isa = PBXFileReference; fileEncoding = 4; lastKnownFileType = sourcecode.cpp.cpp; path = Server.cpp; sourceTree = "<group>"; };
		01F7ECBC1CA0A0CA00A0A9FC /* Util.cpp */ = {isa = PBXFileReference; fileEncoding = 4; lastKnownFileType = sourcecode.cpp.cpp; path = Util.cpp; sourceTree = "<group>"; };
		01F7ECC51CA0A0D200A0A9FC /* ofxLibwebsockets.h */ = {isa = PBXFileReference; fileEncoding = 4; lastKnownFileType = sourcecode.c.h; path = ofxLibwebsockets.h; sourceTree = "<group>"; };
		01F7ECC91CA0A0E500A0A9FC /* libwebsockets.h */ = {isa = PBXFileReference; fileEncoding = 4; lastKnownFileType = sourcecode.c.h; path = libwebsockets.h; sourceTree = "<group>"; };
		01F7ECCA1CA0A0E500A0A9FC /* lws_config.h */ = {isa = PBXFileReference; fileEncoding = 4; lastKnownFileType = sourcecode.c.h; path = lws_config.h; sourceTree = "<group>"; };
		01F7ECCB1CA0A0EA00A0A9FC /* libwebsockets.a */ = {isa = PBXFileReference; lastKnownFileType = archive.ar; name = libwebsockets.a; path = addons/ofxLibwebsockets/libs/libwebsockets/lib/osx/libwebsockets.a; sourceTree = "<group>"; };
		01F7ECCE1CA0A0F300A0A9FC /* ofxTurboJpeg.cpp */ = {isa = PBXFileReference; fileEncoding = 4; lastKnownFileType = sourcecode.cpp.cpp; path = ofxTurboJpeg.cpp; sourceTree = "<group>"; };
		01F7ECCF1CA0A0F300A0A9FC /* ofxTurboJpeg.h */ = {isa = PBXFileReference; fileEncoding = 4; lastKnownFileType = sourcecode.c.h; path = ofxTurboJpeg.h; sourceTree = "<group>"; };
		01F7ECD31CA0A10400A0A9FC /* turbojpeg.h */ = {isa = PBXFileReference; fileEncoding = 4; lastKnownFileType = sourcecode.c.h; path = turbojpeg.h; sourceTree = "<group>"; };
		01F7ECD51CA0A10A00A0A9FC /* libturbojpeg.dylib */ = {isa = PBXFileReference; lastKnownFileType = "compiled.mach-o.dylib"; path = libturbojpeg.dylib; sourceTree = "<group>"; };
		01F7ECD91CA0A18C00A0A9FC /* ImageStreamer.cpp */ = {isa = PBXFileReference; fileEncoding = 4; lastKnownFileType = sourcecode.cpp.cpp; path = ImageStreamer.cpp; sourceTree = "<group>"; };
		01F7ECDA1CA0A18C00A0A9FC /* ImageStreamer.h */ = {isa = PBXFileReference; fileEncoding = 4; lastKnownFileType = sourcecode.c.h; path = ImageStreamer.h; sourceTree = "<group>"; };
		0A1DAC09F322AE313A40706D /* ofxToggle.h */ = {isa = PBXFileReference; explicitFileType = sourcecode.c.h; fileEncoding = 30; name = ofxToggle.h; path = ../../../addons/ofxGui/src/ofxToggle.h; sourceTree = SOURCE_ROOT; };
		15F2C6477A769C03A56D1401 /* ofxSlider.cpp */ = {isa = PBXFileReference; explicitFileType = sourcecode.cpp.cpp; fileEncoding = 30; name = ofxSlider.cpp; path = ../../../addons/ofxGui/src/ofxSlider.cpp; sourceTree = SOURCE_ROOT; };
		17E65988300FBD9AAA2CD0CA /* ofxGui.h */ = {isa = PBXFileReference; explicitFileType = sourcecode.c.h; fileEncoding = 30; name = ofxGui.h; path = ../../../addons/ofxGui/src/ofxGui.h; sourceTree = SOURCE_ROOT; };
		1C0DA2561397A7DE0246858B /* ofxGuiGroup.h */ = {isa = PBXFileReference; explicitFileType = sourcecode.c.h; fileEncoding = 30; name = ofxGuiGroup.h; path = ../../../addons/ofxGui/src/ofxGuiGroup.h; sourceTree = SOURCE_ROOT; };
		2834D88A62CD23F3DE2C47D1 /* ofxButton.h */ = {isa = PBXFileReference; explicitFileType = sourcecode.c.h; fileEncoding = 30; name = ofxButton.h; path = ../../../addons/ofxGui/src/ofxButton.h; sourceTree = SOURCE_ROOT; };
		453F0401E5095CDE6796CDB3 /* BlackFlyCamera.cpp */ = {isa = PBXFileReference; explicitFileType = sourcecode.cpp.cpp; fileEncoding = 30; name = BlackFlyCamera.cpp; path = src/BlackFlyCamera.cpp; sourceTree = SOURCE_ROOT; };
		52AFA1F08C420992CAAAE648 /* ofxSlider.h */ = {isa = PBXFileReference; explicitFileType = sourcecode.c.h; fileEncoding = 30; name = ofxSlider.h; path = ../../../addons/ofxGui/src/ofxSlider.h; sourceTree = SOURCE_ROOT; };
		78D67A00EB899FAC09430597 /* ofxLabel.cpp */ = {isa = PBXFileReference; explicitFileType = sourcecode.cpp.cpp; fileEncoding = 30; name = ofxLabel.cpp; path = ../../../addons/ofxGui/src/ofxLabel.cpp; sourceTree = SOURCE_ROOT; };
		802251BAF1B35B1D67B32FD0 /* ofxSliderGroup.cpp */ = {isa = PBXFileReference; explicitFileType = sourcecode.cpp.cpp; fileEncoding = 30; name = ofxSliderGroup.cpp; path = ../../../addons/ofxGui/src/ofxSliderGroup.cpp; sourceTree = SOURCE_ROOT; };
		87F26B4B24CBD428AD9EEBAA /* ofxBaseGui.h */ = {isa = PBXFileReference; explicitFileType = sourcecode.c.h; fileEncoding = 30; name = ofxBaseGui.h; path = ../../../addons/ofxGui/src/ofxBaseGui.h; sourceTree = SOURCE_ROOT; };
		89449E3044D456F7DE7BEA14 /* ofxPanel.h */ = {isa = PBXFileReference; explicitFileType = sourcecode.c.h; fileEncoding = 30; name = ofxPanel.h; path = ../../../addons/ofxGui/src/ofxPanel.h; sourceTree = SOURCE_ROOT; };
		907C5B5E104864A2D3A25745 /* ofxToggle.cpp */ = {isa = PBXFileReference; explicitFileType = sourcecode.cpp.cpp; fileEncoding = 30; name = ofxToggle.cpp; path = ../../../addons/ofxGui/src/ofxToggle.cpp; sourceTree = SOURCE_ROOT; };
		9604B925D32EE39065747725 /* ofxBaseGui.cpp */ = {isa = PBXFileReference; explicitFileType = sourcecode.cpp.cpp; fileEncoding = 30; name = ofxBaseGui.cpp; path = ../../../addons/ofxGui/src/ofxBaseGui.cpp; sourceTree = SOURCE_ROOT; };
		B4601F9819B6D476DF147ECE /* BlackFlyCamera.h */ = {isa = PBXFileReference; explicitFileType = sourcecode.c.h; fileEncoding = 30; name = BlackFlyCamera.h; path = src/BlackFlyCamera.h; sourceTree = SOURCE_ROOT; };
		B87C60311EC1FE841C1ECD89 /* ofxLabel.h */ = {isa = PBXFileReference; explicitFileType = sourcecode.c.h; fileEncoding = 30; name = ofxLabel.h; path = ../../../addons/ofxGui/src/ofxLabel.h; sourceTree = SOURCE_ROOT; };
		C70D8946940288799E82131E /* ofxSliderGroup.h */ = {isa = PBXFileReference; explicitFileType = sourcecode.c.h; fileEncoding = 30; name = ofxSliderGroup.h; path = ../../../addons/ofxGui/src/ofxSliderGroup.h; sourceTree = SOURCE_ROOT; };
		C88333E71C9457E441C33474 /* ofxButton.cpp */ = {isa = PBXFileReference; explicitFileType = sourcecode.cpp.cpp; fileEncoding = 30; name = ofxButton.cpp; path = ../../../addons/ofxGui/src/ofxButton.cpp; sourceTree = SOURCE_ROOT; };
		E112B3AEBEA2C091BF2B40AE /* ofxPanel.cpp */ = {isa = PBXFileReference; explicitFileType = sourcecode.cpp.cpp; fileEncoding = 30; name = ofxPanel.cpp; path = ../../../addons/ofxGui/src/ofxPanel.cpp; sourceTree = SOURCE_ROOT; };
		E4328143138ABC890047C5CB /* openFrameworksLib.xcodeproj */ = {isa = PBXFileReference; lastKnownFileType = "wrapper.pb-project"; name = openFrameworksLib.xcodeproj; path = ../../../libs/openFrameworksCompiled/project/osx/openFrameworksLib.xcodeproj; sourceTree = SOURCE_ROOT; };
		E4B69B5B0A3A1756003C02F2 /* CameraDebug.app */ = {isa = PBXFileReference; explicitFileType = wrapper.application; includeInIndex = 0; path = CameraDebug.app; sourceTree = BUILT_PRODUCTS_DIR; };
		E4B69E1D0A3A1BDC003C02F2 /* main.cpp */ = {isa = PBXFileReference; fileEncoding = 30; lastKnownFileType = sourcecode.cpp.cpp; name = main.cpp; path = src/main.cpp; sourceTree = SOURCE_ROOT; };
		E4B69E1E0A3A1BDC003C02F2 /* ofApp.cpp */ = {isa = PBXFileReference; explicitFileType = sourcecode.cpp.cpp; fileEncoding = 30; name = ofApp.cpp; path = src/ofApp.cpp; sourceTree = SOURCE_ROOT; };
		E4B69E1F0A3A1BDC003C02F2 /* ofApp.h */ = {isa = PBXFileReference; fileEncoding = 30; lastKnownFileType = sourcecode.c.h; name = ofApp.h; path = src/ofApp.h; sourceTree = SOURCE_ROOT; };
		E4B6FCAD0C3E899E008CF71C /* openFrameworks-Info.plist */ = {isa = PBXFileReference; fileEncoding = 30; lastKnownFileType = text.plist.xml; path = "openFrameworks-Info.plist"; sourceTree = "<group>"; };
		E4EB691F138AFCF100A09F29 /* CoreOF.xcconfig */ = {isa = PBXFileReference; fileEncoding = 4; lastKnownFileType = text.xcconfig; name = CoreOF.xcconfig; path = ../../../libs/openFrameworksCompiled/project/osx/CoreOF.xcconfig; sourceTree = SOURCE_ROOT; };
		E4EB6923138AFD0F00A09F29 /* Project.xcconfig */ = {isa = PBXFileReference; fileEncoding = 4; lastKnownFileType = text.xcconfig; path = Project.xcconfig; sourceTree = "<group>"; };
		ECF8674C7975F1063C5E30CA /* ofxGuiGroup.cpp */ = {isa = PBXFileReference; explicitFileType = sourcecode.cpp.cpp; fileEncoding = 30; name = ofxGuiGroup.cpp; path = ../../../addons/ofxGui/src/ofxGuiGroup.cpp; sourceTree = SOURCE_ROOT; };
/* End PBXFileReference section */

/* Begin PBXFrameworksBuildPhase section */
		E4B69B590A3A1756003C02F2 /* Frameworks */ = {
			isa = PBXFrameworksBuildPhase;
			buildActionMask = 2147483647;
			files = (
				E4328149138ABC9F0047C5CB /* openFrameworksDebug.a in Frameworks */,
				01F7EC9E1CA0A07100A0A9FC /* libdc1394.a in Frameworks */,
				01F7EC9F1CA0A07100A0A9FC /* libusb-1.0.a in Frameworks */,
				01F7ECCC1CA0A0EA00A0A9FC /* libwebsockets.a in Frameworks */,
				01F7ECD61CA0A10A00A0A9FC /* libturbojpeg.dylib in Frameworks */,
			);
			runOnlyForDeploymentPostprocessing = 0;
		};
/* End PBXFrameworksBuildPhase section */

/* Begin PBXGroup section */
		01F7EC7B1CA09D9F00A0A9FC /* ofxLibwebsockets */ = {
			isa = PBXGroup;
			children = (
				01F7ECC61CA0A0D400A0A9FC /* libs */,
				01F7ECC41CA0A0D200A0A9FC /* src */,
			);
			name = ofxLibwebsockets;
			sourceTree = "<group>";
		};
		01F7EC7C1CA09DA400A0A9FC /* ofxLibdc */ = {
			isa = PBXGroup;
			children = (
				01F7ECA01CA0A07600A0A9FC /* src */,
				01F7EC7E1CA0A07100A0A9FC /* libs */,
			);
			name = ofxLibdc;
			sourceTree = "<group>";
		};
		01F7EC7D1CA09DA800A0A9FC /* ofxTurboJpeg */ = {
			isa = PBXGroup;
			children = (
				01F7ECD11CA0A0FD00A0A9FC /* libs */,
				01F7ECCD1CA0A0F300A0A9FC /* src */,
			);
			name = ofxTurboJpeg;
			sourceTree = "<group>";
		};
		01F7EC7E1CA0A07100A0A9FC /* libs */ = {
			isa = PBXGroup;
			children = (
				01F7EC7F1CA0A07100A0A9FC /* dc1394 */,
				01F7EC971CA0A07100A0A9FC /* libusb */,
			);
			name = libs;
			path = addons/ofxLibdc/libs;
			sourceTree = "<group>";
		};
		01F7EC7F1CA0A07100A0A9FC /* dc1394 */ = {
			isa = PBXGroup;
			children = (
				01F7EC801CA0A07100A0A9FC /* include */,
				01F7EC941CA0A07100A0A9FC /* lib */,
			);
			path = dc1394;
			sourceTree = "<group>";
		};
		01F7EC801CA0A07100A0A9FC /* include */ = {
			isa = PBXGroup;
			children = (
				01F7EC811CA0A07100A0A9FC /* dc1394 */,
			);
			path = include;
			sourceTree = "<group>";
		};
		01F7EC811CA0A07100A0A9FC /* dc1394 */ = {
			isa = PBXGroup;
			children = (
				01F7EC821CA0A07100A0A9FC /* camera.h */,
				01F7EC831CA0A07100A0A9FC /* capture.h */,
				01F7EC841CA0A07100A0A9FC /* control.h */,
				01F7EC851CA0A07100A0A9FC /* conversions.h */,
				01F7EC861CA0A07100A0A9FC /* dc1394.h */,
				01F7EC871CA0A07100A0A9FC /* format7.h */,
				01F7EC881CA0A07100A0A9FC /* iso.h */,
				01F7EC891CA0A07100A0A9FC /* log.h */,
				01F7EC8A1CA0A07100A0A9FC /* macosx.h */,
				01F7EC8B1CA0A07100A0A9FC /* register.h */,
				01F7EC8C1CA0A07100A0A9FC /* types.h */,
				01F7EC8D1CA0A07100A0A9FC /* utils.h */,
				01F7EC8E1CA0A07100A0A9FC /* vendor */,
				01F7EC931CA0A07100A0A9FC /* video.h */,
			);
			path = dc1394;
			sourceTree = "<group>";
		};
		01F7EC8E1CA0A07100A0A9FC /* vendor */ = {
			isa = PBXGroup;
			children = (
				01F7EC8F1CA0A07100A0A9FC /* avt.h */,
				01F7EC901CA0A07100A0A9FC /* basler.h */,
				01F7EC911CA0A07100A0A9FC /* basler_sff.h */,
				01F7EC921CA0A07100A0A9FC /* pixelink.h */,
			);
			path = vendor;
			sourceTree = "<group>";
		};
		01F7EC941CA0A07100A0A9FC /* lib */ = {
			isa = PBXGroup;
			children = (
				01F7EC951CA0A07100A0A9FC /* osx */,
			);
			path = lib;
			sourceTree = "<group>";
		};
		01F7EC951CA0A07100A0A9FC /* osx */ = {
			isa = PBXGroup;
			children = (
				01F7EC961CA0A07100A0A9FC /* libdc1394.a */,
			);
			path = osx;
			sourceTree = "<group>";
		};
		01F7EC971CA0A07100A0A9FC /* libusb */ = {
			isa = PBXGroup;
			children = (
				01F7EC981CA0A07100A0A9FC /* include */,
				01F7EC9B1CA0A07100A0A9FC /* lib */,
			);
			path = libusb;
			sourceTree = "<group>";
		};
		01F7EC981CA0A07100A0A9FC /* include */ = {
			isa = PBXGroup;
			children = (
				01F7EC991CA0A07100A0A9FC /* libusb-1.0 */,
			);
			path = include;
			sourceTree = "<group>";
		};
		01F7EC991CA0A07100A0A9FC /* libusb-1.0 */ = {
			isa = PBXGroup;
			children = (
				01F7EC9A1CA0A07100A0A9FC /* libusb.h */,
			);
			path = "libusb-1.0";
			sourceTree = "<group>";
		};
		01F7EC9B1CA0A07100A0A9FC /* lib */ = {
			isa = PBXGroup;
			children = (
				01F7EC9C1CA0A07100A0A9FC /* osx */,
			);
			path = lib;
			sourceTree = "<group>";
		};
		01F7EC9C1CA0A07100A0A9FC /* osx */ = {
			isa = PBXGroup;
			children = (
				01F7EC9D1CA0A07100A0A9FC /* libusb-1.0.a */,
			);
			path = osx;
			sourceTree = "<group>";
		};
		01F7ECA01CA0A07600A0A9FC /* src */ = {
			isa = PBXGroup;
			children = (
				01F7ECA11CA0A07600A0A9FC /* Camera.cpp */,
				01F7ECA21CA0A07600A0A9FC /* Camera.h */,
				01F7ECA31CA0A07600A0A9FC /* Grabber.cpp */,
				01F7ECA41CA0A07600A0A9FC /* Grabber.h */,
				01F7ECA51CA0A07600A0A9FC /* ofxLibdc.h */,
				01F7ECA61CA0A07600A0A9FC /* PointGrey.cpp */,
				01F7ECA71CA0A07600A0A9FC /* PointGrey.h */,
			);
			name = src;
			path = addons/ofxLibdc/src;
			sourceTree = SOURCE_ROOT;
		};
		01F7ECAB1CA0A0CA00A0A9FC /* ofxLibwebsockets */ = {
			isa = PBXGroup;
			children = (
				01F7ECAC1CA0A0CA00A0A9FC /* include */,
				01F7ECB51CA0A0CA00A0A9FC /* src */,
			);
			name = ofxLibwebsockets;
			path = addons/ofxLibwebsockets/libs/ofxLibwebsockets;
			sourceTree = "<group>";
		};
		01F7ECAC1CA0A0CA00A0A9FC /* include */ = {
			isa = PBXGroup;
			children = (
				01F7ECAD1CA0A0CA00A0A9FC /* ofxLibwebsockets */,
			);
			path = include;
			sourceTree = "<group>";
		};
		01F7ECAD1CA0A0CA00A0A9FC /* ofxLibwebsockets */ = {
			isa = PBXGroup;
			children = (
				01F7ECAE1CA0A0CA00A0A9FC /* Client.h */,
				01F7ECAF1CA0A0CA00A0A9FC /* Connection.h */,
				01F7ECB01CA0A0CA00A0A9FC /* Events.h */,
				01F7ECB11CA0A0CA00A0A9FC /* Protocol.h */,
				01F7ECB21CA0A0CA00A0A9FC /* Reactor.h */,
				01F7ECB31CA0A0CA00A0A9FC /* Server.h */,
				01F7ECB41CA0A0CA00A0A9FC /* Util.h */,
			);
			path = ofxLibwebsockets;
			sourceTree = "<group>";
		};
		01F7ECB51CA0A0CA00A0A9FC /* src */ = {
			isa = PBXGroup;
			children = (
				01F7ECB61CA0A0CA00A0A9FC /* Client.cpp */,
				01F7ECB71CA0A0CA00A0A9FC /* Connection.cpp */,
				01F7ECB81CA0A0CA00A0A9FC /* Events.cpp */,
				01F7ECB91CA0A0CA00A0A9FC /* Protocol.cpp */,
				01F7ECBA1CA0A0CA00A0A9FC /* Reactor.cpp */,
				01F7ECBB1CA0A0CA00A0A9FC /* Server.cpp */,
				01F7ECBC1CA0A0CA00A0A9FC /* Util.cpp */,
			);
			path = src;
			sourceTree = "<group>";
		};
		01F7ECC41CA0A0D200A0A9FC /* src */ = {
			isa = PBXGroup;
			children = (
				01F7ECC51CA0A0D200A0A9FC /* ofxLibwebsockets.h */,
			);
			name = src;
			path = addons/ofxLibwebsockets/src;
			sourceTree = "<group>";
		};
		01F7ECC61CA0A0D400A0A9FC /* libs */ = {
			isa = PBXGroup;
			children = (
				01F7ECC71CA0A0DD00A0A9FC /* libwebsockets */,
				01F7ECAB1CA0A0CA00A0A9FC /* ofxLibwebsockets */,
			);
			name = libs;
			sourceTree = "<group>";
		};
		01F7ECC71CA0A0DD00A0A9FC /* libwebsockets */ = {
			isa = PBXGroup;
			children = (
				01F7ECCB1CA0A0EA00A0A9FC /* libwebsockets.a */,
				01F7ECC81CA0A0E500A0A9FC /* include */,
			);
			name = libwebsockets;
			sourceTree = "<group>";
		};
		01F7ECC81CA0A0E500A0A9FC /* include */ = {
			isa = PBXGroup;
			children = (
				01F7ECC91CA0A0E500A0A9FC /* libwebsockets.h */,
				01F7ECCA1CA0A0E500A0A9FC /* lws_config.h */,
			);
			name = include;
			path = addons/ofxLibwebsockets/libs/libwebsockets/include;
			sourceTree = "<group>";
		};
		01F7ECCD1CA0A0F300A0A9FC /* src */ = {
			isa = PBXGroup;
			children = (
				01F7ECCE1CA0A0F300A0A9FC /* ofxTurboJpeg.cpp */,
				01F7ECCF1CA0A0F300A0A9FC /* ofxTurboJpeg.h */,
			);
			name = src;
			path = addons/ofxTurboJpeg/src;
			sourceTree = "<group>";
		};
		01F7ECD11CA0A0FD00A0A9FC /* libs */ = {
			isa = PBXGroup;
			children = (
				01F7ECD41CA0A10A00A0A9FC /* osx */,
				01F7ECD21CA0A10400A0A9FC /* include */,
			);
			name = libs;
			sourceTree = "<group>";
		};
		01F7ECD21CA0A10400A0A9FC /* include */ = {
			isa = PBXGroup;
			children = (
				01F7ECD31CA0A10400A0A9FC /* turbojpeg.h */,
			);
			name = include;
			path = "addons/ofxTurboJpeg/libs/turbo-jpeg/include";
			sourceTree = "<group>";
		};
		01F7ECD41CA0A10A00A0A9FC /* osx */ = {
			isa = PBXGroup;
			children = (
				01F7ECD51CA0A10A00A0A9FC /* libturbojpeg.dylib */,
			);
			name = osx;
			path = "addons/ofxTurboJpeg/libs/turbo-jpeg/lib/osx";
			sourceTree = "<group>";
		};
		480A780D8D0308AE4A368801 /* ofxGui */ = {
			isa = PBXGroup;
			children = (
				A763ED608B35AE3310251DEE /* src */,
			);
			name = ofxGui;
			sourceTree = "<group>";
		};
		6948EE371B920CB800B5AC1A /* local_addons */ = {
			isa = PBXGroup;
			children = (
			);
			name = local_addons;
			sourceTree = "<group>";
		};
		A763ED608B35AE3310251DEE /* src */ = {
			isa = PBXGroup;
			children = (
				9604B925D32EE39065747725 /* ofxBaseGui.cpp */,
				87F26B4B24CBD428AD9EEBAA /* ofxBaseGui.h */,
				C88333E71C9457E441C33474 /* ofxButton.cpp */,
				2834D88A62CD23F3DE2C47D1 /* ofxButton.h */,
				17E65988300FBD9AAA2CD0CA /* ofxGui.h */,
				ECF8674C7975F1063C5E30CA /* ofxGuiGroup.cpp */,
				1C0DA2561397A7DE0246858B /* ofxGuiGroup.h */,
				78D67A00EB899FAC09430597 /* ofxLabel.cpp */,
				B87C60311EC1FE841C1ECD89 /* ofxLabel.h */,
				E112B3AEBEA2C091BF2B40AE /* ofxPanel.cpp */,
				89449E3044D456F7DE7BEA14 /* ofxPanel.h */,
				15F2C6477A769C03A56D1401 /* ofxSlider.cpp */,
				52AFA1F08C420992CAAAE648 /* ofxSlider.h */,
				802251BAF1B35B1D67B32FD0 /* ofxSliderGroup.cpp */,
				C70D8946940288799E82131E /* ofxSliderGroup.h */,
				907C5B5E104864A2D3A25745 /* ofxToggle.cpp */,
				0A1DAC09F322AE313A40706D /* ofxToggle.h */,
			);
			name = src;
			sourceTree = "<group>";
		};
		BB4B014C10F69532006C3DED /* addons */ = {
			isa = PBXGroup;
			children = (
				01F7EC7D1CA09DA800A0A9FC /* ofxTurboJpeg */,
				01F7EC7C1CA09DA400A0A9FC /* ofxLibdc */,
				01F7EC7B1CA09D9F00A0A9FC /* ofxLibwebsockets */,
				480A780D8D0308AE4A368801 /* ofxGui */,
			);
			name = addons;
			sourceTree = "<group>";
		};
		E4328144138ABC890047C5CB /* Products */ = {
			isa = PBXGroup;
			children = (
				E4328148138ABC890047C5CB /* openFrameworksDebug.a */,
			);
			name = Products;
			sourceTree = "<group>";
		};
		E4B69B4A0A3A1720003C02F2 = {
			isa = PBXGroup;
			children = (
				E4B6FCAD0C3E899E008CF71C /* openFrameworks-Info.plist */,
				E4EB6923138AFD0F00A09F29 /* Project.xcconfig */,
				E4B69E1C0A3A1BDC003C02F2 /* src */,
				E4EEC9E9138DF44700A80321 /* openFrameworks */,
				BB4B014C10F69532006C3DED /* addons */,
				6948EE371B920CB800B5AC1A /* local_addons */,
				E4B69B5B0A3A1756003C02F2 /* CameraDebug.app */,
			);
			sourceTree = "<group>";
		};
		E4B69E1C0A3A1BDC003C02F2 /* src */ = {
			isa = PBXGroup;
			children = (
				E4B69E1D0A3A1BDC003C02F2 /* main.cpp */,
				E4B69E1E0A3A1BDC003C02F2 /* ofApp.cpp */,
				E4B69E1F0A3A1BDC003C02F2 /* ofApp.h */,
				453F0401E5095CDE6796CDB3 /* BlackFlyCamera.cpp */,
				B4601F9819B6D476DF147ECE /* BlackFlyCamera.h */,
				01F7EC781CA09D4C00A0A9FC /* CameraManager.cpp */,
				01F7EC791CA09D4C00A0A9FC /* CameraManager.h */,
				01F7ECD91CA0A18C00A0A9FC /* ImageStreamer.cpp */,
				01F7ECDA1CA0A18C00A0A9FC /* ImageStreamer.h */,
			);
			path = src;
			sourceTree = SOURCE_ROOT;
		};
		E4EEC9E9138DF44700A80321 /* openFrameworks */ = {
			isa = PBXGroup;
			children = (
				E4EB691F138AFCF100A09F29 /* CoreOF.xcconfig */,
				E4328143138ABC890047C5CB /* openFrameworksLib.xcodeproj */,
			);
			name = openFrameworks;
			sourceTree = "<group>";
		};
/* End PBXGroup section */

/* Begin PBXNativeTarget section */
		E4B69B5A0A3A1756003C02F2 /* Camera */ = {
			isa = PBXNativeTarget;
			buildConfigurationList = E4B69B5F0A3A1757003C02F2 /* Build configuration list for PBXNativeTarget "Camera" */;
			buildPhases = (
				E4B69B580A3A1756003C02F2 /* Sources */,
				E4B69B590A3A1756003C02F2 /* Frameworks */,
				E4B6FFFD0C3F9AB9008CF71C /* ShellScript */,
				E4C2427710CC5ABF004149E2 /* CopyFiles */,
				01F7ECD71CA0A11800A0A9FC /* CopyFiles */,
			);
			buildRules = (
			);
			dependencies = (
				E4EEB9AC138B136A00A80321 /* PBXTargetDependency */,
			);
			name = Camera;
			productName = myOFApp;
			productReference = E4B69B5B0A3A1756003C02F2 /* CameraDebug.app */;
			productType = "com.apple.product-type.application";
		};
/* End PBXNativeTarget section */

/* Begin PBXProject section */
		E4B69B4C0A3A1720003C02F2 /* Project object */ = {
			isa = PBXProject;
			attributes = {
				LastUpgradeCheck = 0600;
			};
			buildConfigurationList = E4B69B4D0A3A1720003C02F2 /* Build configuration list for PBXProject "Camera" */;
			compatibilityVersion = "Xcode 3.2";
			developmentRegion = English;
			hasScannedForEncodings = 0;
			knownRegions = (
				English,
				Japanese,
				French,
				German,
			);
			mainGroup = E4B69B4A0A3A1720003C02F2;
			productRefGroup = E4B69B4A0A3A1720003C02F2;
			projectDirPath = "";
			projectReferences = (
				{
					ProductGroup = E4328144138ABC890047C5CB /* Products */;
					ProjectRef = E4328143138ABC890047C5CB /* openFrameworksLib.xcodeproj */;
				},
			);
			projectRoot = "";
			targets = (
				E4B69B5A0A3A1756003C02F2 /* Camera */,
			);
		};
/* End PBXProject section */

/* Begin PBXReferenceProxy section */
		E4328148138ABC890047C5CB /* openFrameworksDebug.a */ = {
			isa = PBXReferenceProxy;
			fileType = archive.ar;
			path = openFrameworksDebug.a;
			remoteRef = E4328147138ABC890047C5CB /* PBXContainerItemProxy */;
			sourceTree = BUILT_PRODUCTS_DIR;
		};
/* End PBXReferenceProxy section */

/* Begin PBXShellScriptBuildPhase section */
		E4B6FFFD0C3F9AB9008CF71C /* ShellScript */ = {
			isa = PBXShellScriptBuildPhase;
			buildActionMask = 2147483647;
			files = (
			);
			inputPaths = (
			);
			outputPaths = (
			);
			runOnlyForDeploymentPostprocessing = 0;
			shellPath = /bin/sh;
			shellScript = "mkdir -p \"$TARGET_BUILD_DIR/$PRODUCT_NAME.app/Contents/Resources/\"\n# Copy default icon file into App/Resources\nrsync -aved \"$ICON_FILE\" \"$TARGET_BUILD_DIR/$PRODUCT_NAME.app/Contents/Resources/\"\n# Copy libfmod and change install directory for fmod to run\nrsync -aved ../../../libs/fmodex/lib/osx/libfmodex.dylib \"$TARGET_BUILD_DIR/$PRODUCT_NAME.app/Contents/Frameworks/\";\ninstall_name_tool -change @executable_path/libfmodex.dylib @executable_path/../Frameworks/libfmodex.dylib \"$TARGET_BUILD_DIR/$PRODUCT_NAME.app/Contents/MacOS/$PRODUCT_NAME\";\n# Copy GLUT framework (must remove for AppStore submissions)\nrsync -aved ../../../libs/glut/lib/osx/GLUT.framework \"$TARGET_BUILD_DIR/$PRODUCT_NAME.app/Contents/Frameworks/\"\n";
		};
/* End PBXShellScriptBuildPhase section */

/* Begin PBXSourcesBuildPhase section */
		E4B69B580A3A1756003C02F2 /* Sources */ = {
			isa = PBXSourcesBuildPhase;
			buildActionMask = 2147483647;
			files = (
				01F7ECA81CA0A07600A0A9FC /* Camera.cpp in Sources */,
				E4B69E200A3A1BDC003C02F2 /* main.cpp in Sources */,
				01F7ECAA1CA0A07600A0A9FC /* PointGrey.cpp in Sources */,
				01F7ECBE1CA0A0CA00A0A9FC /* Connection.cpp in Sources */,
				E4B69E210A3A1BDC003C02F2 /* ofApp.cpp in Sources */,
				77BDB6A21B60A01BFF0FFC75 /* BlackFlyCamera.cpp in Sources */,
				856AA354D08AB4B323081444 /* ofxBaseGui.cpp in Sources */,
				01F7ECC01CA0A0CA00A0A9FC /* Protocol.cpp in Sources */,
				01F7ECDB1CA0A18C00A0A9FC /* ImageStreamer.cpp in Sources */,
				5CBB2AB3A60F65431D7B555D /* ofxButton.cpp in Sources */,
				B266578FC55D23BFEBC042E7 /* ofxGuiGroup.cpp in Sources */,
				483908258D00B98B4BE69F07 /* ofxLabel.cpp in Sources */,
				F285EB3169F1566CA3D93C20 /* ofxPanel.cpp in Sources */,
				01F7ECBD1CA0A0CA00A0A9FC /* Client.cpp in Sources */,
				01F7ECBF1CA0A0CA00A0A9FC /* Events.cpp in Sources */,
				837220E80EB56CD44AD27F2A /* ofxSlider.cpp in Sources */,
				B56FE57CC35806596D38118C /* ofxSliderGroup.cpp in Sources */,
				01F7ECC21CA0A0CA00A0A9FC /* Server.cpp in Sources */,
				01F7ECC31CA0A0CA00A0A9FC /* Util.cpp in Sources */,
				01F7ECC11CA0A0CA00A0A9FC /* Reactor.cpp in Sources */,
				01F7ECD01CA0A0F300A0A9FC /* ofxTurboJpeg.cpp in Sources */,
				01F7EC7A1CA09D4C00A0A9FC /* CameraManager.cpp in Sources */,
				1CD33E884D9E3358252E82A1 /* ofxToggle.cpp in Sources */,
				01F7ECA91CA0A07600A0A9FC /* Grabber.cpp in Sources */,
			);
			runOnlyForDeploymentPostprocessing = 0;
		};
/* End PBXSourcesBuildPhase section */

/* Begin PBXTargetDependency section */
		E4EEB9AC138B136A00A80321 /* PBXTargetDependency */ = {
			isa = PBXTargetDependency;
			name = openFrameworks;
			targetProxy = E4EEB9AB138B136A00A80321 /* PBXContainerItemProxy */;
		};
/* End PBXTargetDependency section */

/* Begin XCBuildConfiguration section */
		E4B69B4E0A3A1720003C02F2 /* Debug */ = {
			isa = XCBuildConfiguration;
			baseConfigurationReference = E4EB6923138AFD0F00A09F29 /* Project.xcconfig */;
			buildSettings = {
				CONFIGURATION_BUILD_DIR = "$(SRCROOT)/bin/";
				COPY_PHASE_STRIP = NO;
				DEAD_CODE_STRIPPING = YES;
				GCC_AUTO_VECTORIZATION = YES;
				GCC_ENABLE_SSE3_EXTENSIONS = YES;
				GCC_ENABLE_SUPPLEMENTAL_SSE3_INSTRUCTIONS = YES;
				GCC_INLINES_ARE_PRIVATE_EXTERN = NO;
				GCC_OPTIMIZATION_LEVEL = 0;
				GCC_SYMBOLS_PRIVATE_EXTERN = NO;
				GCC_WARN_ABOUT_DEPRECATED_FUNCTIONS = YES;
				GCC_WARN_ABOUT_INVALID_OFFSETOF_MACRO = NO;
				GCC_WARN_ALLOW_INCOMPLETE_PROTOCOL = NO;
				GCC_WARN_UNINITIALIZED_AUTOS = NO;
				GCC_WARN_UNUSED_VALUE = NO;
				GCC_WARN_UNUSED_VARIABLE = NO;
				HEADER_SEARCH_PATHS = "$(HEADER_SEARCH_PATHS)";
				MACOSX_DEPLOYMENT_TARGET = 10.8;
				ONLY_ACTIVE_ARCH = YES;
				OTHER_CPLUSPLUSFLAGS = (
					"-D__MACOSX_CORE__",
					"-mtune=native",
				);
				SDKROOT = macosx;
			};
			name = Debug;
		};
		E4B69B4F0A3A1720003C02F2 /* Release */ = {
			isa = XCBuildConfiguration;
			baseConfigurationReference = E4EB6923138AFD0F00A09F29 /* Project.xcconfig */;
			buildSettings = {
				CONFIGURATION_BUILD_DIR = "$(SRCROOT)/bin/";
				COPY_PHASE_STRIP = YES;
				DEAD_CODE_STRIPPING = YES;
				GCC_AUTO_VECTORIZATION = YES;
				GCC_ENABLE_SSE3_EXTENSIONS = YES;
				GCC_ENABLE_SUPPLEMENTAL_SSE3_INSTRUCTIONS = YES;
				GCC_INLINES_ARE_PRIVATE_EXTERN = NO;
				GCC_OPTIMIZATION_LEVEL = 3;
				GCC_SYMBOLS_PRIVATE_EXTERN = NO;
				GCC_UNROLL_LOOPS = YES;
				GCC_WARN_ABOUT_DEPRECATED_FUNCTIONS = YES;
				GCC_WARN_ABOUT_INVALID_OFFSETOF_MACRO = NO;
				GCC_WARN_ALLOW_INCOMPLETE_PROTOCOL = NO;
				GCC_WARN_UNINITIALIZED_AUTOS = NO;
				GCC_WARN_UNUSED_VALUE = NO;
				GCC_WARN_UNUSED_VARIABLE = NO;
				HEADER_SEARCH_PATHS = "$(HEADER_SEARCH_PATHS)";
				MACOSX_DEPLOYMENT_TARGET = 10.8;
				OTHER_CPLUSPLUSFLAGS = (
					"-D__MACOSX_CORE__",
					"-mtune=native",
				);
				SDKROOT = macosx;
			};
			name = Release;
		};
		E4B69B600A3A1757003C02F2 /* Debug */ = {
			isa = XCBuildConfiguration;
			baseConfigurationReference = E4EB6923138AFD0F00A09F29 /* Project.xcconfig */;
			buildSettings = {
				COMBINE_HIDPI_IMAGES = YES;
				COPY_PHASE_STRIP = NO;
				FRAMEWORK_SEARCH_PATHS = (
					"$(inherited)",
					"$(FRAMEWORK_SEARCH_PATHS_QUOTED_FOR_TARGET_1)",
				);
				FRAMEWORK_SEARCH_PATHS_QUOTED_FOR_TARGET_1 = "\"$(SRCROOT)/../../../libs/glut/lib/osx\"";
				GCC_DYNAMIC_NO_PIC = NO;
				GCC_GENERATE_DEBUGGING_SYMBOLS = YES;
				GCC_MODEL_TUNING = NONE;
				HEADER_SEARCH_PATHS = "$(HEADER_SEARCH_PATHS)";
				ICON = "$(ICON_NAME_DEBUG)";
				ICON_FILE = "$(ICON_FILE_PATH)$(ICON)";
				INFOPLIST_FILE = "openFrameworks-Info.plist";
				INSTALL_PATH = /Applications;
				LIBRARY_SEARCH_PATHS = (
					"$(inherited)",
					"$(PROJECT_DIR)/addons/ofxLibdc/libs/dc1394/lib/osx",
					"$(PROJECT_DIR)/addons/ofxLibdc/libs/libusb/lib/osx",
					"$(PROJECT_DIR)/addons/ofxLibwebsockets/libs/libwebsockets/lib/osx",
					"$(PROJECT_DIR)/addons/ofxTurboJpeg/libs/turbo-jpeg/lib/osx",
				);
				PRODUCT_NAME = "$(TARGET_NAME)Debug";
				WRAPPER_EXTENSION = app;
			};
			name = Debug;
		};
		E4B69B610A3A1757003C02F2 /* Release */ = {
			isa = XCBuildConfiguration;
			baseConfigurationReference = E4EB6923138AFD0F00A09F29 /* Project.xcconfig */;
			buildSettings = {
				COMBINE_HIDPI_IMAGES = YES;
				COPY_PHASE_STRIP = YES;
				FRAMEWORK_SEARCH_PATHS = (
					"$(inherited)",
					"$(FRAMEWORK_SEARCH_PATHS_QUOTED_FOR_TARGET_1)",
				);
				FRAMEWORK_SEARCH_PATHS_QUOTED_FOR_TARGET_1 = "\"$(SRCROOT)/../../../libs/glut/lib/osx\"";
				GCC_GENERATE_DEBUGGING_SYMBOLS = YES;
				GCC_MODEL_TUNING = NONE;
				HEADER_SEARCH_PATHS = "$(HEADER_SEARCH_PATHS)";
				ICON = "$(ICON_NAME_RELEASE)";
				ICON_FILE = "$(ICON_FILE_PATH)$(ICON)";
				INFOPLIST_FILE = "openFrameworks-Info.plist";
				INSTALL_PATH = /Applications;
				LIBRARY_SEARCH_PATHS = (
					"$(inherited)",
					"$(PROJECT_DIR)/addons/ofxLibdc/libs/dc1394/lib/osx",
					"$(PROJECT_DIR)/addons/ofxLibdc/libs/libusb/lib/osx",
					"$(PROJECT_DIR)/addons/ofxLibwebsockets/libs/libwebsockets/lib/osx",
					"$(PROJECT_DIR)/addons/ofxTurboJpeg/libs/turbo-jpeg/lib/osx",
				);
				PRODUCT_NAME = "$(TARGET_NAME)";
				WRAPPER_EXTENSION = app;
				baseConfigurationReference = E4EB6923138AFD0F00A09F29;
			};
			name = Release;
		};
/* End XCBuildConfiguration section */

/* Begin XCConfigurationList section */
		E4B69B4D0A3A1720003C02F2 /* Build configuration list for PBXProject "Camera" */ = {
			isa = XCConfigurationList;
			buildConfigurations = (
				E4B69B4E0A3A1720003C02F2 /* Debug */,
				E4B69B4F0A3A1720003C02F2 /* Release */,
			);
			defaultConfigurationIsVisible = 0;
			defaultConfigurationName = Release;
		};
		E4B69B5F0A3A1757003C02F2 /* Build configuration list for PBXNativeTarget "Camera" */ = {
			isa = XCConfigurationList;
			buildConfigurations = (
				E4B69B600A3A1757003C02F2 /* Debug */,
				E4B69B610A3A1757003C02F2 /* Release */,
			);
			defaultConfigurationIsVisible = 0;
			defaultConfigurationName = Release;
		};
/* End XCConfigurationList section */
	};
	rootObject = E4B69B4C0A3A1720003C02F2 /* Project object */;
}
